
Microsoft Visual Studio Solution File, Format Version 12.00
Project("{2150E333-8FDC-42A3-9474-1A3956D46DE8}") = "Solution Items", "Solution Items", "{A1B2C3D4-E5F6-7890-ABCD-EF1234567890}"
	ProjectSection(SolutionItems) = preProject
		..\CLAUDE.md = ..\CLAUDE.md
	EndProjectSection
EndProject
Project("{FAE04EC0-301F-11D3-BF4B-00C04F79EFBC}") = "SnackRack", "SnackRack.csproj", "{22F4FF9A-74DE-45EB-931D-D8FFD313C06B}"
EndProject
Project("{FAE04EC0-301F-11D3-BF4B-00C04F79EFBC}") = "SnackRack.Tests", "..\SnackRack.Tests\SnackRack.Tests.csproj", "{CE46C012-ABD1-4875-835A-EDD0A9439FE8}"
EndProject
Project("{FAE04EC0-301F-11D3-BF4B-00C04F79EFBC}") = "SnackRack.Tests.UI", "..\SnackRack.Tests.UI\SnackRack.Tests.UI.csproj", "{054FA1AB-70BA-416B-B7A6-E26914D23B74}"
EndProject
Global
	GlobalSection(SolutionConfigurationPlatforms) = preSolution
		Debug|Any CPU = Debug|Any CPU
		Debug|x64 = Debug|x64
		Debug|x86 = Debug|x86
		Release|Any CPU = Release|Any CPU
		Release|x64 = Release|x64
		Release|x86 = Release|x86
	EndGlobalSection
	GlobalSection(ProjectConfigurationPlatforms) = postSolution
		{22F4FF9A-74DE-45EB-931D-D8FFD313C06B}.Debug|Any CPU.ActiveCfg = Debug|Any CPU
		{22F4FF9A-74DE-45EB-931D-D8FFD313C06B}.Debug|Any CPU.Build.0 = Debug|Any CPU
		{22F4FF9A-74DE-45EB-931D-D8FFD313C06B}.Debug|x64.ActiveCfg = Debug|Any CPU
		{22F4FF9A-74DE-45EB-931D-D8FFD313C06B}.Debug|x64.Build.0 = Debug|Any CPU
		{22F4FF9A-74DE-45EB-931D-D8FFD313C06B}.Debug|x86.ActiveCfg = Debug|Any CPU
		{22F4FF9A-74DE-45EB-931D-D8FFD313C06B}.Debug|x86.Build.0 = Debug|Any CPU
		{22F4FF9A-74DE-45EB-931D-D8FFD313C06B}.Release|Any CPU.ActiveCfg = Release|Any CPU
		{22F4FF9A-74DE-45EB-931D-D8FFD313C06B}.Release|Any CPU.Build.0 = Release|Any CPU
		{22F4FF9A-74DE-45EB-931D-D8FFD313C06B}.Release|x64.ActiveCfg = Release|Any CPU
		{22F4FF9A-74DE-45EB-931D-D8FFD313C06B}.Release|x64.Build.0 = Release|Any CPU
		{22F4FF9A-74DE-45EB-931D-D8FFD313C06B}.Release|x86.ActiveCfg = Release|Any CPU
		{22F4FF9A-74DE-45EB-931D-D8FFD313C06B}.Release|x86.Build.0 = Release|Any CPU
		{CE46C012-ABD1-4875-835A-EDD0A9439FE8}.Debug|Any CPU.ActiveCfg = Debug|Any CPU
		{CE46C012-ABD1-4875-835A-EDD0A9439FE8}.Debug|Any CPU.Build.0 = Debug|Any CPU
		{CE46C012-ABD1-4875-835A-EDD0A9439FE8}.Debug|x64.ActiveCfg = Debug|Any CPU
		{CE46C012-ABD1-4875-835A-EDD0A9439FE8}.Debug|x64.Build.0 = Debug|Any CPU
		{CE46C012-ABD1-4875-835A-EDD0A9439FE8}.Debug|x86.ActiveCfg = Debug|Any CPU
		{CE46C012-ABD1-4875-835A-EDD0A9439FE8}.Debug|x86.Build.0 = Debug|Any CPU
		{CE46C012-ABD1-4875-835A-EDD0A9439FE8}.Release|Any CPU.ActiveCfg = Release|Any CPU
		{CE46C012-ABD1-4875-835A-EDD0A9439FE8}.Release|Any CPU.Build.0 = Release|Any CPU
		{CE46C012-ABD1-4875-835A-EDD0A9439FE8}.Release|x64.ActiveCfg = Release|Any CPU
		{CE46C012-ABD1-4875-835A-EDD0A9439FE8}.Release|x64.Build.0 = Release|Any CPU
		{CE46C012-ABD1-4875-835A-EDD0A9439FE8}.Release|x86.ActiveCfg = Release|Any CPU
		{CE46C012-ABD1-4875-835A-EDD0A9439FE8}.Release|x86.Build.0 = Release|Any CPU
		{054FA1AB-70BA-416B-B7A6-E26914D23B74}.Debug|Any CPU.ActiveCfg = Debug|Any CPU
		{054FA1AB-70BA-416B-B7A6-E26914D23B74}.Debug|Any CPU.Build.0 = Debug|Any CPU
		{054FA1AB-70BA-416B-B7A6-E26914D23B74}.Debug|x64.ActiveCfg = Debug|Any CPU
		{054FA1AB-70BA-416B-B7A6-E26914D23B74}.Debug|x64.Build.0 = Debug|Any CPU
		{054FA1AB-70BA-416B-B7A6-E26914D23B74}.Debug|x86.ActiveCfg = Debug|Any CPU
		{054FA1AB-70BA-416B-B7A6-E26914D23B74}.Debug|x86.Build.0 = Debug|Any CPU
		{054FA1AB-70BA-416B-B7A6-E26914D23B74}.Release|Any CPU.ActiveCfg = Release|Any CPU
		{054FA1AB-70BA-416B-B7A6-E26914D23B74}.Release|Any CPU.Build.0 = Release|Any CPU
		{054FA1AB-70BA-416B-B7A6-E26914D23B74}.Release|x64.ActiveCfg = Release|Any CPU
		{054FA1AB-70BA-416B-B7A6-E26914D23B74}.Release|x64.Build.0 = Release|Any CPU
		{054FA1AB-70BA-416B-B7A6-E26914D23B74}.Release|x86.ActiveCfg = Release|Any CPU
		{054FA1AB-70BA-416B-B7A6-E26914D23B74}.Release|x86.Build.0 = Release|Any CPU
	EndGlobalSection
	GlobalSection(SolutionProperties) = preSolution
		HideSolutionNode = FALSE
	EndGlobalSection
EndGlobal
